Microsoft Visual Studio Solution File, Format Version 12.00
# Visual Studio Version 17
VisualStudioVersion = 17.5.2.0
MinimumVisualStudioVersion = 10.0.40219.1
Project("{2150E333-8FDC-42A3-9474-1A3956D46DE8}") = "backend", "backend", "{1AE8ACA6-933B-BF2A-3671-3E2EAC007D16}"
EndProject
Project("{FAE04EC0-301F-11D3-BF4B-00C04F79EFBC}") = "APIGateway", "backend\APIGateway\APIGateway.csproj", "{BB607CCB-9547-EAE0-ABE3-FCFE12F0AEAF}"
EndProject
Project("{2150E333-8FDC-42A3-9474-1A3956D46DE8}") = "AuthService", "AuthService", "{F5FBE395-A9AA-0EC5-3054-FC66B787845B}"
EndProject
Project("{FAE04EC0-301F-11D3-BF4B-00C04F79EFBC}") = "Presentation", "backend\AuthService\AuthService.Presentation\Presentation.csproj", "{FBAC1DE6-3E8F-74BE-B6C7-465490D0846F}"
EndProject
Project("{2150E333-8FDC-42A3-9474-1A3956D46DE8}") = "AuthService.Core", "AuthService.Core", "{4B629290-AACE-D2B1-9632-B4B324232E1A}"
EndProject
Project("{FAE04EC0-301F-11D3-BF4B-00C04F79EFBC}") = "AuthService.Core.Application", "backend\AuthService\AuthService.Core\AuthService.Core.Application\AuthService.Core.Application.csproj", "{3026428A-2D96-F9F7-FC98-707133A1EFBC}"
EndProject
Project("{FAE04EC0-301F-11D3-BF4B-00C04F79EFBC}") = "AuthService.Core.Domain", "backend\AuthService\AuthService.Core\AuthService.Core.Domain\AuthService.Core.Domain.csproj", "{A5CDEA55-0C3B-BC91-233D-0C29A435CBBB}"
EndProject
Project("{2150E333-8FDC-42A3-9474-1A3956D46DE8}") = "AuthService.Infrastructure", "AuthService.Infrastructure", "{F8003FA0-0C4D-8154-F227-13C8D9CDB92A}"
EndProject
Project("{FAE04EC0-301F-11D3-BF4B-00C04F79EFBC}") = "AuthService.Infrastructure.Configuration", "backend\AuthService\AuthService.Infrastructure\AuthService.Infrastructure.Configuration\AuthService.Infrastructure.Configuration.csproj", "{0EECB28A-2C6B-CD6F-3D39-2FDF4E46339C}"
EndProject
Project("{FAE04EC0-301F-11D3-BF4B-00C04F79EFBC}") = "AuthService.Infrastructure.Persistence", "backend\AuthService\AuthService.Infrastructure\AuthService.Infrastructure.Persistence\AuthService.Infrastructure.Persistence.csproj", "{F1E92E16-7754-026E-70BA-4866E814C652}"
EndProject
Project("{FAE04EC0-301F-11D3-BF4B-00C04F79EFBC}") = "AuthService.Infrastructure.Services", "backend\AuthService\AuthService.Infrastructure\AuthService.Infrastructure.Services\AuthService.Infrastructure.Services.csproj", "{9B2246F1-0DF7-6860-D055-C7293EA83490}"
EndProject
Global
	GlobalSection(SolutionConfigurationPlatforms) = preSolution
		Debug|Any CPU = Debug|Any CPU
		Release|Any CPU = Release|Any CPU
	EndGlobalSection
	GlobalSection(ProjectConfigurationPlatforms) = postSolution
		{BB607CCB-9547-EAE0-ABE3-FCFE12F0AEAF}.Debug|Any CPU.ActiveCfg = Debug|Any CPU
		{BB607CCB-9547-EAE0-ABE3-FCFE12F0AEAF}.Debug|Any CPU.Build.0 = Debug|Any CPU
		{BB607CCB-9547-EAE0-ABE3-FCFE12F0AEAF}.Release|Any CPU.ActiveCfg = Release|Any CPU
		{BB607CCB-9547-EAE0-ABE3-FCFE12F0AEAF}.Release|Any CPU.Build.0 = Release|Any CPU
		{FBAC1DE6-3E8F-74BE-B6C7-465490D0846F}.Debug|Any CPU.ActiveCfg = Debug|Any CPU
		{FBAC1DE6-3E8F-74BE-B6C7-465490D0846F}.Debug|Any CPU.Build.0 = Debug|Any CPU
		{FBAC1DE6-3E8F-74BE-B6C7-465490D0846F}.Release|Any CPU.ActiveCfg = Release|Any CPU
		{FBAC1DE6-3E8F-74BE-B6C7-465490D0846F}.Release|Any CPU.Build.0 = Release|Any CPU
		{3026428A-2D96-F9F7-FC98-707133A1EFBC}.Debug|Any CPU.ActiveCfg = Debug|Any CPU
		{3026428A-2D96-F9F7-FC98-707133A1EFBC}.Debug|Any CPU.Build.0 = Debug|Any CPU
		{3026428A-2D96-F9F7-FC98-707133A1EFBC}.Release|Any CPU.ActiveCfg = Release|Any CPU
		{3026428A-2D96-F9F7-FC98-707133A1EFBC}.Release|Any CPU.Build.0 = Release|Any CPU
		{A5CDEA55-0C3B-BC91-233D-0C29A435CBBB}.Debug|Any CPU.ActiveCfg = Debug|Any CPU
		{A5CDEA55-0C3B-BC91-233D-0C29A435CBBB}.Debug|Any CPU.Build.0 = Debug|Any CPU
		{A5CDEA55-0C3B-BC91-233D-0C29A435CBBB}.Release|Any CPU.ActiveCfg = Release|Any CPU
		{A5CDEA55-0C3B-BC91-233D-0C29A435CBBB}.Release|Any CPU.Build.0 = Release|Any CPU
		{0EECB28A-2C6B-CD6F-3D39-2FDF4E46339C}.Debug|Any CPU.ActiveCfg = Debug|Any CPU
		{0EECB28A-2C6B-CD6F-3D39-2FDF4E46339C}.Debug|Any CPU.Build.0 = Debug|Any CPU
		{0EECB28A-2C6B-CD6F-3D39-2FDF4E46339C}.Release|Any CPU.ActiveCfg = Release|Any CPU
		{0EECB28A-2C6B-CD6F-3D39-2FDF4E46339C}.Release|Any CPU.Build.0 = Release|Any CPU
		{F1E92E16-7754-026E-70BA-4866E814C652}.Debug|Any CPU.ActiveCfg = Debug|Any CPU
		{F1E92E16-7754-026E-70BA-4866E814C652}.Debug|Any CPU.Build.0 = Debug|Any CPU
		{F1E92E16-7754-026E-70BA-4866E814C652}.Release|Any CPU.ActiveCfg = Release|Any CPU
		{F1E92E16-7754-026E-70BA-4866E814C652}.Release|Any CPU.Build.0 = Release|Any CPU
		{9B2246F1-0DF7-6860-D055-C7293EA83490}.Debug|Any CPU.ActiveCfg = Debug|Any CPU
		{9B2246F1-0DF7-6860-D055-C7293EA83490}.Debug|Any CPU.Build.0 = Debug|Any CPU
		{9B2246F1-0DF7-6860-D055-C7293EA83490}.Release|Any CPU.ActiveCfg = Release|Any CPU
		{9B2246F1-0DF7-6860-D055-C7293EA83490}.Release|Any CPU.Build.0 = Release|Any CPU
	EndGlobalSection
	GlobalSection(SolutionProperties) = preSolution
		HideSolutionNode = FALSE
	EndGlobalSection
	GlobalSection(NestedProjects) = preSolution
		{BB607CCB-9547-EAE0-ABE3-FCFE12F0AEAF} = {1AE8ACA6-933B-BF2A-3671-3E2EAC007D16}
		{F5FBE395-A9AA-0EC5-3054-FC66B787845B} = {1AE8ACA6-933B-BF2A-3671-3E2EAC007D16}
		{FBAC1DE6-3E8F-74BE-B6C7-465490D0846F} = {F5FBE395-A9AA-0EC5-3054-FC66B787845B}
		{4B629290-AACE-D2B1-9632-B4B324232E1A} = {F5FBE395-A9AA-0EC5-3054-FC66B787845B}
		{3026428A-2D96-F9F7-FC98-707133A1EFBC} = {4B629290-AACE-D2B1-9632-B4B324232E1A}
		{A5CDEA55-0C3B-BC91-233D-0C29A435CBBB} = {4B629290-AACE-D2B1-9632-B4B324232E1A}
		{F8003FA0-0C4D-8154-F227-13C8D9CDB92A} = {F5FBE395-A9AA-0EC5-3054-FC66B787845B}
		{0EECB28A-2C6B-CD6F-3D39-2FDF4E46339C} = {F8003FA0-0C4D-8154-F227-13C8D9CDB92A}
		{F1E92E16-7754-026E-70BA-4866E814C652} = {F8003FA0-0C4D-8154-F227-13C8D9CDB92A}
		{9B2246F1-0DF7-6860-D055-C7293EA83490} = {F8003FA0-0C4D-8154-F227-13C8D9CDB92A}
	EndGlobalSection
	GlobalSection(ExtensibilityGlobals) = postSolution
		SolutionGuid = {C2691C2F-2723-4C88-8C31-9CE873AA795A}
	EndGlobalSection
EndGlobal
