
Microsoft Visual Studio Solution File, Format Version 12.00
# Visual Studio Version 17
VisualStudioVersion = 17.0.31903.59
MinimumVisualStudioVersion = 10.0.40219.1
Project("{FAE04EC0-301F-11D3-BF4B-00C04F79EFBC}") = "Presentation", "Presentation\Presentation.csproj", "{6807A042-E55E-4867-BFDC-C95A886BC2E8}"
EndProject
Project("{2150E333-8FDC-42A3-9474-1A3956D46DE8}") = "Core", "Core", "{FBF56CC3-7AE6-AD2D-3F14-7F97FD322CD6}"
EndProject
Project("{FAE04EC0-301F-11D3-BF4B-00C04F79EFBC}") = "Application", "Core\Application\Application.csproj", "{88F63F2D-4A86-4C98-8770-450730313607}"
EndProject
Project("{FAE04EC0-301F-11D3-BF4B-00C04F79EFBC}") = "Domain", "Core\Domain\Domain.csproj", "{D2EC0549-D22F-46A3-B24A-C5C363B73CEE}"
EndProject
Project("{2150E333-8FDC-42A3-9474-1A3956D46DE8}") = "Infrastructure", "Infrastructure", "{DFEE68D8-A7D0-1A41-506C-9B74AA9A7B7B}"
EndProject
Project("{FAE04EC0-301F-11D3-BF4B-00C04F79EFBC}") = "Configuration", "Infrastructure\Configuration\Configuration.csproj", "{AC32377F-33A6-4FEB-AB55-52422E5B9EE4}"
EndProject
Project("{FAE04EC0-301F-11D3-BF4B-00C04F79EFBC}") = "Persistence", "Infrastructure\Persistence\Persistence.csproj", "{17124341-2103-4451-974A-FB52054431C5}"
EndProject
Project("{FAE04EC0-301F-11D3-BF4B-00C04F79EFBC}") = "Services", "Infrastructure\Services\Services.csproj", "{2595F4F7-2D13-4C6E-A240-67ACAE9F4006}"
EndProject
Project("{FAE04EC0-301F-11D3-BF4B-00C04F79EFBC}") = "SharedKernel", "SharedKernel\SharedKernel.csproj", "{89F0AB1E-B986-4C64-9DDA-D2B88B7661C1}"
EndProject
Project("{FAE04EC0-301F-11D3-BF4B-00C04F79EFBC}") = "APIGateway", "APIGateway\APIGateway.csproj", "{491037F9-6E16-4B27-9E56-50A6160378F4}"
EndProject
Global
	GlobalSection(SolutionConfigurationPlatforms) = preSolution
		Debug|Any CPU = Debug|Any CPU
		Debug|x64 = Debug|x64
		Debug|x86 = Debug|x86
		Release|Any CPU = Release|Any CPU
		Release|x64 = Release|x64
		Release|x86 = Release|x86
	EndGlobalSection
	GlobalSection(ProjectConfigurationPlatforms) = postSolution
		{6807A042-E55E-4867-BFDC-C95A886BC2E8}.Debug|Any CPU.ActiveCfg = Debug|Any CPU
		{6807A042-E55E-4867-BFDC-C95A886BC2E8}.Debug|Any CPU.Build.0 = Debug|Any CPU
		{6807A042-E55E-4867-BFDC-C95A886BC2E8}.Debug|x64.ActiveCfg = Debug|Any CPU
		{6807A042-E55E-4867-BFDC-C95A886BC2E8}.Debug|x64.Build.0 = Debug|Any CPU
		{6807A042-E55E-4867-BFDC-C95A886BC2E8}.Debug|x86.ActiveCfg = Debug|Any CPU
		{6807A042-E55E-4867-BFDC-C95A886BC2E8}.Debug|x86.Build.0 = Debug|Any CPU
		{6807A042-E55E-4867-BFDC-C95A886BC2E8}.Release|Any CPU.ActiveCfg = Release|Any CPU
		{6807A042-E55E-4867-BFDC-C95A886BC2E8}.Release|Any CPU.Build.0 = Release|Any CPU
		{6807A042-E55E-4867-BFDC-C95A886BC2E8}.Release|x64.ActiveCfg = Release|Any CPU
		{6807A042-E55E-4867-BFDC-C95A886BC2E8}.Release|x64.Build.0 = Release|Any CPU
		{6807A042-E55E-4867-BFDC-C95A886BC2E8}.Release|x86.ActiveCfg = Release|Any CPU
		{6807A042-E55E-4867-BFDC-C95A886BC2E8}.Release|x86.Build.0 = Release|Any CPU
		{88F63F2D-4A86-4C98-8770-450730313607}.Debug|Any CPU.ActiveCfg = Debug|Any CPU
		{88F63F2D-4A86-4C98-8770-450730313607}.Debug|Any CPU.Build.0 = Debug|Any CPU
		{88F63F2D-4A86-4C98-8770-450730313607}.Debug|x64.ActiveCfg = Debug|Any CPU
		{88F63F2D-4A86-4C98-8770-450730313607}.Debug|x64.Build.0 = Debug|Any CPU
		{88F63F2D-4A86-4C98-8770-450730313607}.Debug|x86.ActiveCfg = Debug|Any CPU
		{88F63F2D-4A86-4C98-8770-450730313607}.Debug|x86.Build.0 = Debug|Any CPU
		{88F63F2D-4A86-4C98-8770-450730313607}.Release|Any CPU.ActiveCfg = Release|Any CPU
		{88F63F2D-4A86-4C98-8770-450730313607}.Release|Any CPU.Build.0 = Release|Any CPU
		{88F63F2D-4A86-4C98-8770-450730313607}.Release|x64.ActiveCfg = Release|Any CPU
		{88F63F2D-4A86-4C98-8770-450730313607}.Release|x64.Build.0 = Release|Any CPU
		{88F63F2D-4A86-4C98-8770-450730313607}.Release|x86.ActiveCfg = Release|Any CPU
		{88F63F2D-4A86-4C98-8770-450730313607}.Release|x86.Build.0 = Release|Any CPU
		{D2EC0549-D22F-46A3-B24A-C5C363B73CEE}.Debug|Any CPU.ActiveCfg = Debug|Any CPU
		{D2EC0549-D22F-46A3-B24A-C5C363B73CEE}.Debug|Any CPU.Build.0 = Debug|Any CPU
		{D2EC0549-D22F-46A3-B24A-C5C363B73CEE}.Debug|x64.ActiveCfg = Debug|Any CPU
		{D2EC0549-D22F-46A3-B24A-C5C363B73CEE}.Debug|x64.Build.0 = Debug|Any CPU
		{D2EC0549-D22F-46A3-B24A-C5C363B73CEE}.Debug|x86.ActiveCfg = Debug|Any CPU
		{D2EC0549-D22F-46A3-B24A-C5C363B73CEE}.Debug|x86.Build.0 = Debug|Any CPU
		{D2EC0549-D22F-46A3-B24A-C5C363B73CEE}.Release|Any CPU.ActiveCfg = Release|Any CPU
		{D2EC0549-D22F-46A3-B24A-C5C363B73CEE}.Release|Any CPU.Build.0 = Release|Any CPU
		{D2EC0549-D22F-46A3-B24A-C5C363B73CEE}.Release|x64.ActiveCfg = Release|Any CPU
		{D2EC0549-D22F-46A3-B24A-C5C363B73CEE}.Release|x64.Build.0 = Release|Any CPU
		{D2EC0549-D22F-46A3-B24A-C5C363B73CEE}.Release|x86.ActiveCfg = Release|Any CPU
		{D2EC0549-D22F-46A3-B24A-C5C363B73CEE}.Release|x86.Build.0 = Release|Any CPU
		{AC32377F-33A6-4FEB-AB55-52422E5B9EE4}.Debug|Any CPU.ActiveCfg = Debug|Any CPU
		{AC32377F-33A6-4FEB-AB55-52422E5B9EE4}.Debug|Any CPU.Build.0 = Debug|Any CPU
		{AC32377F-33A6-4FEB-AB55-52422E5B9EE4}.Debug|x64.ActiveCfg = Debug|Any CPU
		{AC32377F-33A6-4FEB-AB55-52422E5B9EE4}.Debug|x64.Build.0 = Debug|Any CPU
		{AC32377F-33A6-4FEB-AB55-52422E5B9EE4}.Debug|x86.ActiveCfg = Debug|Any CPU
		{AC32377F-33A6-4FEB-AB55-52422E5B9EE4}.Debug|x86.Build.0 = Debug|Any CPU
		{AC32377F-33A6-4FEB-AB55-52422E5B9EE4}.Release|Any CPU.ActiveCfg = Release|Any CPU
		{AC32377F-33A6-4FEB-AB55-52422E5B9EE4}.Release|Any CPU.Build.0 = Release|Any CPU
		{AC32377F-33A6-4FEB-AB55-52422E5B9EE4}.Release|x64.ActiveCfg = Release|Any CPU
		{AC32377F-33A6-4FEB-AB55-52422E5B9EE4}.Release|x64.Build.0 = Release|Any CPU
		{AC32377F-33A6-4FEB-AB55-52422E5B9EE4}.Release|x86.ActiveCfg = Release|Any CPU
		{AC32377F-33A6-4FEB-AB55-52422E5B9EE4}.Release|x86.Build.0 = Release|Any CPU
		{17124341-2103-4451-974A-FB52054431C5}.Debug|Any CPU.ActiveCfg = Debug|Any CPU
		{17124341-2103-4451-974A-FB52054431C5}.Debug|Any CPU.Build.0 = Debug|Any CPU
		{17124341-2103-4451-974A-FB52054431C5}.Debug|x64.ActiveCfg = Debug|Any CPU
		{17124341-2103-4451-974A-FB52054431C5}.Debug|x64.Build.0 = Debug|Any CPU
		{17124341-2103-4451-974A-FB52054431C5}.Debug|x86.ActiveCfg = Debug|Any CPU
		{17124341-2103-4451-974A-FB52054431C5}.Debug|x86.Build.0 = Debug|Any CPU
		{17124341-2103-4451-974A-FB52054431C5}.Release|Any CPU.ActiveCfg = Release|Any CPU
		{17124341-2103-4451-974A-FB52054431C5}.Release|Any CPU.Build.0 = Release|Any CPU
		{17124341-2103-4451-974A-FB52054431C5}.Release|x64.ActiveCfg = Release|Any CPU
		{17124341-2103-4451-974A-FB52054431C5}.Release|x64.Build.0 = Release|Any CPU
		{17124341-2103-4451-974A-FB52054431C5}.Release|x86.ActiveCfg = Release|Any CPU
		{17124341-2103-4451-974A-FB52054431C5}.Release|x86.Build.0 = Release|Any CPU
		{2595F4F7-2D13-4C6E-A240-67ACAE9F4006}.Debug|Any CPU.ActiveCfg = Debug|Any CPU
		{2595F4F7-2D13-4C6E-A240-67ACAE9F4006}.Debug|Any CPU.Build.0 = Debug|Any CPU
		{2595F4F7-2D13-4C6E-A240-67ACAE9F4006}.Debug|x64.ActiveCfg = Debug|Any CPU
		{2595F4F7-2D13-4C6E-A240-67ACAE9F4006}.Debug|x64.Build.0 = Debug|Any CPU
		{2595F4F7-2D13-4C6E-A240-67ACAE9F4006}.Debug|x86.ActiveCfg = Debug|Any CPU
		{2595F4F7-2D13-4C6E-A240-67ACAE9F4006}.Debug|x86.Build.0 = Debug|Any CPU
		{2595F4F7-2D13-4C6E-A240-67ACAE9F4006}.Release|Any CPU.ActiveCfg = Release|Any CPU
		{2595F4F7-2D13-4C6E-A240-67ACAE9F4006}.Release|Any CPU.Build.0 = Release|Any CPU
		{2595F4F7-2D13-4C6E-A240-67ACAE9F4006}.Release|x64.ActiveCfg = Release|Any CPU
		{2595F4F7-2D13-4C6E-A240-67ACAE9F4006}.Release|x64.Build.0 = Release|Any CPU
		{2595F4F7-2D13-4C6E-A240-67ACAE9F4006}.Release|x86.ActiveCfg = Release|Any CPU
		{2595F4F7-2D13-4C6E-A240-67ACAE9F4006}.Release|x86.Build.0 = Release|Any CPU
		{89F0AB1E-B986-4C64-9DDA-D2B88B7661C1}.Debug|Any CPU.ActiveCfg = Debug|Any CPU
		{89F0AB1E-B986-4C64-9DDA-D2B88B7661C1}.Debug|Any CPU.Build.0 = Debug|Any CPU
		{89F0AB1E-B986-4C64-9DDA-D2B88B7661C1}.Debug|x64.ActiveCfg = Debug|Any CPU
		{89F0AB1E-B986-4C64-9DDA-D2B88B7661C1}.Debug|x64.Build.0 = Debug|Any CPU
		{89F0AB1E-B986-4C64-9DDA-D2B88B7661C1}.Debug|x86.ActiveCfg = Debug|Any CPU
		{89F0AB1E-B986-4C64-9DDA-D2B88B7661C1}.Debug|x86.Build.0 = Debug|Any CPU
		{89F0AB1E-B986-4C64-9DDA-D2B88B7661C1}.Release|Any CPU.ActiveCfg = Release|Any CPU
		{89F0AB1E-B986-4C64-9DDA-D2B88B7661C1}.Release|Any CPU.Build.0 = Release|Any CPU
		{89F0AB1E-B986-4C64-9DDA-D2B88B7661C1}.Release|x64.ActiveCfg = Release|Any CPU
		{89F0AB1E-B986-4C64-9DDA-D2B88B7661C1}.Release|x64.Build.0 = Release|Any CPU
		{89F0AB1E-B986-4C64-9DDA-D2B88B7661C1}.Release|x86.ActiveCfg = Release|Any CPU
		{89F0AB1E-B986-4C64-9DDA-D2B88B7661C1}.Release|x86.Build.0 = Release|Any CPU
		{491037F9-6E16-4B27-9E56-50A6160378F4}.Debug|Any CPU.ActiveCfg = Debug|Any CPU
		{491037F9-6E16-4B27-9E56-50A6160378F4}.Debug|Any CPU.Build.0 = Debug|Any CPU
		{491037F9-6E16-4B27-9E56-50A6160378F4}.Debug|x64.ActiveCfg = Debug|Any CPU
		{491037F9-6E16-4B27-9E56-50A6160378F4}.Debug|x64.Build.0 = Debug|Any CPU
		{491037F9-6E16-4B27-9E56-50A6160378F4}.Debug|x86.ActiveCfg = Debug|Any CPU
		{491037F9-6E16-4B27-9E56-50A6160378F4}.Debug|x86.Build.0 = Debug|Any CPU
		{491037F9-6E16-4B27-9E56-50A6160378F4}.Release|Any CPU.ActiveCfg = Release|Any CPU
		{491037F9-6E16-4B27-9E56-50A6160378F4}.Release|Any CPU.Build.0 = Release|Any CPU
		{491037F9-6E16-4B27-9E56-50A6160378F4}.Release|x64.ActiveCfg = Release|Any CPU
		{491037F9-6E16-4B27-9E56-50A6160378F4}.Release|x64.Build.0 = Release|Any CPU
		{491037F9-6E16-4B27-9E56-50A6160378F4}.Release|x86.ActiveCfg = Release|Any CPU
		{491037F9-6E16-4B27-9E56-50A6160378F4}.Release|x86.Build.0 = Release|Any CPU
	EndGlobalSection
	GlobalSection(SolutionProperties) = preSolution
		HideSolutionNode = FALSE
	EndGlobalSection
	GlobalSection(NestedProjects) = preSolution
		{88F63F2D-4A86-4C98-8770-450730313607} = {FBF56CC3-7AE6-AD2D-3F14-7F97FD322CD6}
		{D2EC0549-D22F-46A3-B24A-C5C363B73CEE} = {FBF56CC3-7AE6-AD2D-3F14-7F97FD322CD6}
		{AC32377F-33A6-4FEB-AB55-52422E5B9EE4} = {DFEE68D8-A7D0-1A41-506C-9B74AA9A7B7B}
		{17124341-2103-4451-974A-FB52054431C5} = {DFEE68D8-A7D0-1A41-506C-9B74AA9A7B7B}
		{2595F4F7-2D13-4C6E-A240-67ACAE9F4006} = {DFEE68D8-A7D0-1A41-506C-9B74AA9A7B7B}
	EndGlobalSection
EndGlobal
